
Microsoft Visual Studio Solution File, Format Version 12.00
# Visual Studio 2013
VisualStudioVersion = 12.0.30723.0
MinimumVisualStudioVersion = 10.0.40219.1
Project("{FAE04EC0-301F-11D3-BF4B-00C04F79EFBC}") = "ColorfulBunnies", "ColorfulBunnies\ColorfulBunnies.csproj", "{8059FF03-86FF-4106-ABAE-2F70526B797B}"
EndProject
Project("{2150E333-8FDC-42A3-9474-1A3956D46DE8}") = "Combinatorics", "Combinatorics", "{3E6D2C29-051F-4D3B-A255-F6A9B66EFA3B}"
EndProject
Project("{FAE04EC0-301F-11D3-BF4B-00C04F79EFBC}") = "Divisors", "Divisors\Divisors.csproj", "{6E58238F-5F9A-4733-B373-9EED843A93A3}"
EndProject
Project("{FAE04EC0-301F-11D3-BF4B-00C04F79EFBC}") = "ColorfulBalls", "ColorfullBalls\ColorfulBalls.csproj", "{E463EC19-1977-4B35-8EC7-1115420D33FA}"
EndProject
Project("{FAE04EC0-301F-11D3-BF4B-00C04F79EFBC}") = "ZigZagRows", "ZigZagRows\ZigZagRows.csproj", "{D2FDC944-E5E3-42B9-9736-B144F20CE878}"
EndProject
Project("{2150E333-8FDC-42A3-9474-1A3956D46DE8}") = "PracticalExam2013", "PracticalExam2013", "{8BD3FE54-3946-497A-937D-7B4AB4590948}"
EndProject
Project("{FAE04EC0-301F-11D3-BF4B-00C04F79EFBC}") = "Frames", "Frames\Frames.csproj", "{09A20ADB-56EE-448A-BCF1-E06E416935B7}"
EndProject
Project("{FAE04EC0-301F-11D3-BF4B-00C04F79EFBC}") = "Businessmen", "Businessmen\Businessmen.csproj", "{FB084AB0-A541-493B-82EE-1D8DF6CCBED7}"
EndProject
Project("{FAE04EC0-301F-11D3-BF4B-00C04F79EFBC}") = "SupermarketQueue", "SupermarketQueue\SupermarketQueue.csproj", "{616C452C-CD85-4118-806C-9E893755DC4D}"
EndProject
Project("{2150E333-8FDC-42A3-9474-1A3956D46DE8}") = "SampleExam2013", "SampleExam2013", "{DF178361-CD25-46C7-82F1-2C51879FF8AE}"
EndProject
Project("{FAE04EC0-301F-11D3-BF4B-00C04F79EFBC}") = "MessagesInBottle", "MessagesInBottle\MessagesInBottle.csproj", "{D86AA520-B446-4A51-B415-35238E29D181}"
EndProject
Project("{FAE04EC0-301F-11D3-BF4B-00C04F79EFBC}") = "ShoppingCenter", "ShoppingCenter\ShoppingCenter.csproj", "{45579704-2A13-497B-B6D0-C122B528A390}"
EndProject
Project("{2150E333-8FDC-42A3-9474-1A3956D46DE8}") = "Algo2012-TrainingContest", "Algo2012-TrainingContest", "{CB13670C-A12B-4273-9924-23A0E27937E2}"
EndProject
Project("{FAE04EC0-301F-11D3-BF4B-00C04F79EFBC}") = "Numbers", "Numbers\Numbers.csproj", "{D08EA163-7498-4BE9-B82B-EA0129F08728}"
EndProject
Project("{FAE04EC0-301F-11D3-BF4B-00C04F79EFBC}") = "FriendsOfPesho", "FriendsOfPesho\FriendsOfPesho.csproj", "{EC2111EC-3F9E-4C6B-BCA2-9BF4F151DEE4}"
EndProject
Project("{FAE04EC0-301F-11D3-BF4B-00C04F79EFBC}") = "MaximalPath", "MaximalPath\MaximalPath.csproj", "{8BD5C397-2EEC-44DC-A23D-55674E6ED70D}"
EndProject
Project("{2150E333-8FDC-42A3-9474-1A3956D46DE8}") = "Algo2012-DataStructures", "Algo2012-DataStructures", "{97B13E29-43CB-46C4-9C0B-F806437A81F4}"
EndProject
Project("{FAE04EC0-301F-11D3-BF4B-00C04F79EFBC}") = "Words", "Words\Words.csproj", "{B4409F39-A4B9-424C-A4F7-A0573C430140}"
EndProject
Project("{FAE04EC0-301F-11D3-BF4B-00C04F79EFBC}") = "Sorting", "Sorting\Sorting.csproj", "{2C55624F-640A-4FC7-917A-52A5B5AEAE7D}"
EndProject
Project("{FAE04EC0-301F-11D3-BF4B-00C04F79EFBC}") = "Tasks", "Tasks\Tasks.csproj", "{700014FD-AD28-4D1F-AC15-4605B76ED207}"
EndProject
Project("{FAE04EC0-301F-11D3-BF4B-00C04F79EFBC}") = "Tubes", "Tubes\Tubes.csproj", "{DAFF5639-042D-4A15-99B2-943BDDB968ED}"
EndProject
Project("{FAE04EC0-301F-11D3-BF4B-00C04F79EFBC}") = "JedyKnightMeditation", "JedyKnightMeditation\JedyKnightMeditation.csproj", "{AC6B4BDB-2688-4DF1-8E14-0A7FA23946EF}"
EndProject
Project("{FAE04EC0-301F-11D3-BF4B-00C04F79EFBC}") = "Occasions", "Occasions\Occasions.csproj", "{A49BE081-F3DC-4753-A9BB-29872B90A09A}"
EndProject
Project("{2150E333-8FDC-42A3-9474-1A3956D46DE8}") = "Algo2013-SortAndSearchAlgorithms", "Algo2013-SortAndSearchAlgorithms", "{7FE552CD-88EB-4528-8B92-ACDC82FCBDE1}"
EndProject
Project("{FAE04EC0-301F-11D3-BF4B-00C04F79EFBC}") = "Laziness", "Laziness\Laziness.csproj", "{EDBCC5A2-E5BE-46EB-9FBD-3C3F0A259765}"
EndProject
Project("{FAE04EC0-301F-11D3-BF4B-00C04F79EFBC}") = "Goro", "Goro\Goro.csproj", "{CEFFB00F-EC57-4F6F-8B68-76DB1CCAD21D}"
EndProject
Project("{FAE04EC0-301F-11D3-BF4B-00C04F79EFBC}") = "Algograms", "Algograms\Algograms.csproj", "{C57A1644-13B0-448E-8F82-97EE56005A78}"
EndProject
Project("{FAE04EC0-301F-11D3-BF4B-00C04F79EFBC}") = "CubicRoot", "CubicRoot\CubicRoot.csproj", "{5B13D42B-DA49-45BE-8B16-CE10AA32840D}"
EndProject
Project("{FAE04EC0-301F-11D3-BF4B-00C04F79EFBC}") = "EratostheneSieve", "EratostheneSieve\EratostheneSieve.csproj", "{31D7D333-C688-4250-BBD3-79EBD1D1E0AD}"
EndProject
Global
	GlobalSection(SolutionConfigurationPlatforms) = preSolution
		Debug|Any CPU = Debug|Any CPU
		Release|Any CPU = Release|Any CPU
	EndGlobalSection
	GlobalSection(ProjectConfigurationPlatforms) = postSolution
		{8059FF03-86FF-4106-ABAE-2F70526B797B}.Debug|Any CPU.ActiveCfg = Debug|Any CPU
		{8059FF03-86FF-4106-ABAE-2F70526B797B}.Debug|Any CPU.Build.0 = Debug|Any CPU
		{8059FF03-86FF-4106-ABAE-2F70526B797B}.Release|Any CPU.ActiveCfg = Release|Any CPU
		{8059FF03-86FF-4106-ABAE-2F70526B797B}.Release|Any CPU.Build.0 = Release|Any CPU
		{6E58238F-5F9A-4733-B373-9EED843A93A3}.Debug|Any CPU.ActiveCfg = Debug|Any CPU
		{6E58238F-5F9A-4733-B373-9EED843A93A3}.Debug|Any CPU.Build.0 = Debug|Any CPU
		{6E58238F-5F9A-4733-B373-9EED843A93A3}.Release|Any CPU.ActiveCfg = Release|Any CPU
		{6E58238F-5F9A-4733-B373-9EED843A93A3}.Release|Any CPU.Build.0 = Release|Any CPU
		{E463EC19-1977-4B35-8EC7-1115420D33FA}.Debug|Any CPU.ActiveCfg = Debug|Any CPU
		{E463EC19-1977-4B35-8EC7-1115420D33FA}.Debug|Any CPU.Build.0 = Debug|Any CPU
		{E463EC19-1977-4B35-8EC7-1115420D33FA}.Release|Any CPU.ActiveCfg = Release|Any CPU
		{E463EC19-1977-4B35-8EC7-1115420D33FA}.Release|Any CPU.Build.0 = Release|Any CPU
		{D2FDC944-E5E3-42B9-9736-B144F20CE878}.Debug|Any CPU.ActiveCfg = Debug|Any CPU
		{D2FDC944-E5E3-42B9-9736-B144F20CE878}.Debug|Any CPU.Build.0 = Debug|Any CPU
		{D2FDC944-E5E3-42B9-9736-B144F20CE878}.Release|Any CPU.ActiveCfg = Release|Any CPU
		{D2FDC944-E5E3-42B9-9736-B144F20CE878}.Release|Any CPU.Build.0 = Release|Any CPU
		{09A20ADB-56EE-448A-BCF1-E06E416935B7}.Debug|Any CPU.ActiveCfg = Debug|Any CPU
		{09A20ADB-56EE-448A-BCF1-E06E416935B7}.Debug|Any CPU.Build.0 = Debug|Any CPU
		{09A20ADB-56EE-448A-BCF1-E06E416935B7}.Release|Any CPU.ActiveCfg = Release|Any CPU
		{09A20ADB-56EE-448A-BCF1-E06E416935B7}.Release|Any CPU.Build.0 = Release|Any CPU
		{FB084AB0-A541-493B-82EE-1D8DF6CCBED7}.Debug|Any CPU.ActiveCfg = Debug|Any CPU
		{FB084AB0-A541-493B-82EE-1D8DF6CCBED7}.Debug|Any CPU.Build.0 = Debug|Any CPU
		{FB084AB0-A541-493B-82EE-1D8DF6CCBED7}.Release|Any CPU.ActiveCfg = Release|Any CPU
		{FB084AB0-A541-493B-82EE-1D8DF6CCBED7}.Release|Any CPU.Build.0 = Release|Any CPU
		{616C452C-CD85-4118-806C-9E893755DC4D}.Debug|Any CPU.ActiveCfg = Debug|Any CPU
		{616C452C-CD85-4118-806C-9E893755DC4D}.Debug|Any CPU.Build.0 = Debug|Any CPU
		{616C452C-CD85-4118-806C-9E893755DC4D}.Release|Any CPU.ActiveCfg = Release|Any CPU
		{616C452C-CD85-4118-806C-9E893755DC4D}.Release|Any CPU.Build.0 = Release|Any CPU
		{D86AA520-B446-4A51-B415-35238E29D181}.Debug|Any CPU.ActiveCfg = Debug|Any CPU
		{D86AA520-B446-4A51-B415-35238E29D181}.Debug|Any CPU.Build.0 = Debug|Any CPU
		{D86AA520-B446-4A51-B415-35238E29D181}.Release|Any CPU.ActiveCfg = Release|Any CPU
		{D86AA520-B446-4A51-B415-35238E29D181}.Release|Any CPU.Build.0 = Release|Any CPU
		{45579704-2A13-497B-B6D0-C122B528A390}.Debug|Any CPU.ActiveCfg = Debug|Any CPU
		{45579704-2A13-497B-B6D0-C122B528A390}.Debug|Any CPU.Build.0 = Debug|Any CPU
		{45579704-2A13-497B-B6D0-C122B528A390}.Release|Any CPU.ActiveCfg = Release|Any CPU
		{45579704-2A13-497B-B6D0-C122B528A390}.Release|Any CPU.Build.0 = Release|Any CPU
		{D08EA163-7498-4BE9-B82B-EA0129F08728}.Debug|Any CPU.ActiveCfg = Debug|Any CPU
		{D08EA163-7498-4BE9-B82B-EA0129F08728}.Debug|Any CPU.Build.0 = Debug|Any CPU
		{D08EA163-7498-4BE9-B82B-EA0129F08728}.Release|Any CPU.ActiveCfg = Release|Any CPU
		{D08EA163-7498-4BE9-B82B-EA0129F08728}.Release|Any CPU.Build.0 = Release|Any CPU
		{EC2111EC-3F9E-4C6B-BCA2-9BF4F151DEE4}.Debug|Any CPU.ActiveCfg = Debug|Any CPU
		{EC2111EC-3F9E-4C6B-BCA2-9BF4F151DEE4}.Debug|Any CPU.Build.0 = Debug|Any CPU
		{EC2111EC-3F9E-4C6B-BCA2-9BF4F151DEE4}.Release|Any CPU.ActiveCfg = Release|Any CPU
		{EC2111EC-3F9E-4C6B-BCA2-9BF4F151DEE4}.Release|Any CPU.Build.0 = Release|Any CPU
		{8BD5C397-2EEC-44DC-A23D-55674E6ED70D}.Debug|Any CPU.ActiveCfg = Debug|Any CPU
		{8BD5C397-2EEC-44DC-A23D-55674E6ED70D}.Debug|Any CPU.Build.0 = Debug|Any CPU
		{8BD5C397-2EEC-44DC-A23D-55674E6ED70D}.Release|Any CPU.ActiveCfg = Release|Any CPU
		{8BD5C397-2EEC-44DC-A23D-55674E6ED70D}.Release|Any CPU.Build.0 = Release|Any CPU
		{B4409F39-A4B9-424C-A4F7-A0573C430140}.Debug|Any CPU.ActiveCfg = Debug|Any CPU
		{B4409F39-A4B9-424C-A4F7-A0573C430140}.Debug|Any CPU.Build.0 = Debug|Any CPU
		{B4409F39-A4B9-424C-A4F7-A0573C430140}.Release|Any CPU.ActiveCfg = Release|Any CPU
		{B4409F39-A4B9-424C-A4F7-A0573C430140}.Release|Any CPU.Build.0 = Release|Any CPU
		{2C55624F-640A-4FC7-917A-52A5B5AEAE7D}.Debug|Any CPU.ActiveCfg = Debug|Any CPU
		{2C55624F-640A-4FC7-917A-52A5B5AEAE7D}.Debug|Any CPU.Build.0 = Debug|Any CPU
		{2C55624F-640A-4FC7-917A-52A5B5AEAE7D}.Release|Any CPU.ActiveCfg = Release|Any CPU
		{2C55624F-640A-4FC7-917A-52A5B5AEAE7D}.Release|Any CPU.Build.0 = Release|Any CPU
		{700014FD-AD28-4D1F-AC15-4605B76ED207}.Debug|Any CPU.ActiveCfg = Debug|Any CPU
		{700014FD-AD28-4D1F-AC15-4605B76ED207}.Debug|Any CPU.Build.0 = Debug|Any CPU
		{700014FD-AD28-4D1F-AC15-4605B76ED207}.Release|Any CPU.ActiveCfg = Release|Any CPU
		{700014FD-AD28-4D1F-AC15-4605B76ED207}.Release|Any CPU.Build.0 = Release|Any CPU
		{DAFF5639-042D-4A15-99B2-943BDDB968ED}.Debug|Any CPU.ActiveCfg = Debug|Any CPU
		{DAFF5639-042D-4A15-99B2-943BDDB968ED}.Debug|Any CPU.Build.0 = Debug|Any CPU
		{DAFF5639-042D-4A15-99B2-943BDDB968ED}.Release|Any CPU.ActiveCfg = Release|Any CPU
		{DAFF5639-042D-4A15-99B2-943BDDB968ED}.Release|Any CPU.Build.0 = Release|Any CPU
		{AC6B4BDB-2688-4DF1-8E14-0A7FA23946EF}.Debug|Any CPU.ActiveCfg = Debug|Any CPU
		{AC6B4BDB-2688-4DF1-8E14-0A7FA23946EF}.Debug|Any CPU.Build.0 = Debug|Any CPU
		{AC6B4BDB-2688-4DF1-8E14-0A7FA23946EF}.Release|Any CPU.ActiveCfg = Release|Any CPU
		{AC6B4BDB-2688-4DF1-8E14-0A7FA23946EF}.Release|Any CPU.Build.0 = Release|Any CPU
		{A49BE081-F3DC-4753-A9BB-29872B90A09A}.Debug|Any CPU.ActiveCfg = Debug|Any CPU
		{A49BE081-F3DC-4753-A9BB-29872B90A09A}.Debug|Any CPU.Build.0 = Debug|Any CPU
		{A49BE081-F3DC-4753-A9BB-29872B90A09A}.Release|Any CPU.ActiveCfg = Release|Any CPU
		{A49BE081-F3DC-4753-A9BB-29872B90A09A}.Release|Any CPU.Build.0 = Release|Any CPU
		{EDBCC5A2-E5BE-46EB-9FBD-3C3F0A259765}.Debug|Any CPU.ActiveCfg = Debug|Any CPU
		{EDBCC5A2-E5BE-46EB-9FBD-3C3F0A259765}.Debug|Any CPU.Build.0 = Debug|Any CPU
		{EDBCC5A2-E5BE-46EB-9FBD-3C3F0A259765}.Release|Any CPU.ActiveCfg = Release|Any CPU
		{EDBCC5A2-E5BE-46EB-9FBD-3C3F0A259765}.Release|Any CPU.Build.0 = Release|Any CPU
		{CEFFB00F-EC57-4F6F-8B68-76DB1CCAD21D}.Debug|Any CPU.ActiveCfg = Debug|Any CPU
		{CEFFB00F-EC57-4F6F-8B68-76DB1CCAD21D}.Debug|Any CPU.Build.0 = Debug|Any CPU
		{CEFFB00F-EC57-4F6F-8B68-76DB1CCAD21D}.Release|Any CPU.ActiveCfg = Release|Any CPU
		{CEFFB00F-EC57-4F6F-8B68-76DB1CCAD21D}.Release|Any CPU.Build.0 = Release|Any CPU
		{C57A1644-13B0-448E-8F82-97EE56005A78}.Debug|Any CPU.ActiveCfg = Debug|Any CPU
		{C57A1644-13B0-448E-8F82-97EE56005A78}.Debug|Any CPU.Build.0 = Debug|Any CPU
		{C57A1644-13B0-448E-8F82-97EE56005A78}.Release|Any CPU.ActiveCfg = Release|Any CPU
		{C57A1644-13B0-448E-8F82-97EE56005A78}.Release|Any CPU.Build.0 = Release|Any CPU
		{5B13D42B-DA49-45BE-8B16-CE10AA32840D}.Debug|Any CPU.ActiveCfg = Debug|Any CPU
		{5B13D42B-DA49-45BE-8B16-CE10AA32840D}.Debug|Any CPU.Build.0 = Debug|Any CPU
		{5B13D42B-DA49-45BE-8B16-CE10AA32840D}.Release|Any CPU.ActiveCfg = Release|Any CPU
		{5B13D42B-DA49-45BE-8B16-CE10AA32840D}.Release|Any CPU.Build.0 = Release|Any CPU
		{31D7D333-C688-4250-BBD3-79EBD1D1E0AD}.Debug|Any CPU.ActiveCfg = Debug|Any CPU
		{31D7D333-C688-4250-BBD3-79EBD1D1E0AD}.Debug|Any CPU.Build.0 = Debug|Any CPU
		{31D7D333-C688-4250-BBD3-79EBD1D1E0AD}.Release|Any CPU.ActiveCfg = Release|Any CPU
		{31D7D333-C688-4250-BBD3-79EBD1D1E0AD}.Release|Any CPU.Build.0 = Release|Any CPU
	EndGlobalSection
	GlobalSection(SolutionProperties) = preSolution
		HideSolutionNode = FALSE
	EndGlobalSection
	GlobalSection(NestedProjects) = preSolution
		{8059FF03-86FF-4106-ABAE-2F70526B797B} = {3E6D2C29-051F-4D3B-A255-F6A9B66EFA3B}
		{6E58238F-5F9A-4733-B373-9EED843A93A3} = {3E6D2C29-051F-4D3B-A255-F6A9B66EFA3B}
		{E463EC19-1977-4B35-8EC7-1115420D33FA} = {3E6D2C29-051F-4D3B-A255-F6A9B66EFA3B}
		{D2FDC944-E5E3-42B9-9736-B144F20CE878} = {3E6D2C29-051F-4D3B-A255-F6A9B66EFA3B}
		{09A20ADB-56EE-448A-BCF1-E06E416935B7} = {8BD3FE54-3946-497A-937D-7B4AB4590948}
		{FB084AB0-A541-493B-82EE-1D8DF6CCBED7} = {8BD3FE54-3946-497A-937D-7B4AB4590948}
		{616C452C-CD85-4118-806C-9E893755DC4D} = {8BD3FE54-3946-497A-937D-7B4AB4590948}
		{D86AA520-B446-4A51-B415-35238E29D181} = {DF178361-CD25-46C7-82F1-2C51879FF8AE}
		{45579704-2A13-497B-B6D0-C122B528A390} = {DF178361-CD25-46C7-82F1-2C51879FF8AE}
		{D08EA163-7498-4BE9-B82B-EA0129F08728} = {CB13670C-A12B-4273-9924-23A0E27937E2}
		{EC2111EC-3F9E-4C6B-BCA2-9BF4F151DEE4} = {CB13670C-A12B-4273-9924-23A0E27937E2}
		{8BD5C397-2EEC-44DC-A23D-55674E6ED70D} = {DF178361-CD25-46C7-82F1-2C51879FF8AE}
		{B4409F39-A4B9-424C-A4F7-A0573C430140} = {97B13E29-43CB-46C4-9C0B-F806437A81F4}
		{2C55624F-640A-4FC7-917A-52A5B5AEAE7D} = {97B13E29-43CB-46C4-9C0B-F806437A81F4}
		{700014FD-AD28-4D1F-AC15-4605B76ED207} = {97B13E29-43CB-46C4-9C0B-F806437A81F4}
		{DAFF5639-042D-4A15-99B2-943BDDB968ED} = {97B13E29-43CB-46C4-9C0B-F806437A81F4}
		{AC6B4BDB-2688-4DF1-8E14-0A7FA23946EF} = {97B13E29-43CB-46C4-9C0B-F806437A81F4}
		{A49BE081-F3DC-4753-A9BB-29872B90A09A} = {97B13E29-43CB-46C4-9C0B-F806437A81F4}
		{EDBCC5A2-E5BE-46EB-9FBD-3C3F0A259765} = {7FE552CD-88EB-4528-8B92-ACDC82FCBDE1}
		{CEFFB00F-EC57-4F6F-8B68-76DB1CCAD21D} = {7FE552CD-88EB-4528-8B92-ACDC82FCBDE1}
		{C57A1644-13B0-448E-8F82-97EE56005A78} = {7FE552CD-88EB-4528-8B92-ACDC82FCBDE1}
		{5B13D42B-DA49-45BE-8B16-CE10AA32840D} = {7FE552CD-88EB-4528-8B92-ACDC82FCBDE1}
		{31D7D333-C688-4250-BBD3-79EBD1D1E0AD} = {7FE552CD-88EB-4528-8B92-ACDC82FCBDE1}
	EndGlobalSection
EndGlobal
