
Microsoft Visual Studio Solution File, Format Version 12.00
# Visual Studio 2013
VisualStudioVersion = 12.0.30723.0
MinimumVisualStudioVersion = 10.0.40219.1
Project("{FAE04EC0-301F-11D3-BF4B-00C04F79EFBC}") = "FriendsOfPesho", "FriendsOfPesho\FriendsOfPesho.csproj", "{60F49A4F-FADE-442E-8534-9BDA6BFCAED3}"
EndProject
Project("{FAE04EC0-301F-11D3-BF4B-00C04F79EFBC}") = "Sallaries", "Sallaries\Sallaries.csproj", "{7715BC08-F2A1-4B2D-AE76-07ECC8E4CD25}"
EndProject
Project("{FAE04EC0-301F-11D3-BF4B-00C04F79EFBC}") = "CableCompanyProblem", "CableCompanyProblem\CableCompanyProblem.csproj", "{CA1AC635-C3FD-4AB0-902C-8D1A362E34D0}"
EndProject
Global
	GlobalSection(SolutionConfigurationPlatforms) = preSolution
		Debug|Any CPU = Debug|Any CPU
		Release|Any CPU = Release|Any CPU
	EndGlobalSection
	GlobalSection(ProjectConfigurationPlatforms) = postSolution
		{60F49A4F-FADE-442E-8534-9BDA6BFCAED3}.Debug|Any CPU.ActiveCfg = Debug|Any CPU
		{60F49A4F-FADE-442E-8534-9BDA6BFCAED3}.Debug|Any CPU.Build.0 = Debug|Any CPU
		{60F49A4F-FADE-442E-8534-9BDA6BFCAED3}.Release|Any CPU.ActiveCfg = Release|Any CPU
		{60F49A4F-FADE-442E-8534-9BDA6BFCAED3}.Release|Any CPU.Build.0 = Release|Any CPU
		{7715BC08-F2A1-4B2D-AE76-07ECC8E4CD25}.Debug|Any CPU.ActiveCfg = Debug|Any CPU
		{7715BC08-F2A1-4B2D-AE76-07ECC8E4CD25}.Debug|Any CPU.Build.0 = Debug|Any CPU
		{7715BC08-F2A1-4B2D-AE76-07ECC8E4CD25}.Release|Any CPU.ActiveCfg = Release|Any CPU
		{7715BC08-F2A1-4B2D-AE76-07ECC8E4CD25}.Release|Any CPU.Build.0 = Release|Any CPU
		{CA1AC635-C3FD-4AB0-902C-8D1A362E34D0}.Debug|Any CPU.ActiveCfg = Debug|Any CPU
		{CA1AC635-C3FD-4AB0-902C-8D1A362E34D0}.Debug|Any CPU.Build.0 = Debug|Any CPU
		{CA1AC635-C3FD-4AB0-902C-8D1A362E34D0}.Release|Any CPU.ActiveCfg = Release|Any CPU
		{CA1AC635-C3FD-4AB0-902C-8D1A362E34D0}.Release|Any CPU.Build.0 = Release|Any CPU
	EndGlobalSection
	GlobalSection(SolutionProperties) = preSolution
		HideSolutionNode = FALSE
	EndGlobalSection
EndGlobal
