
Microsoft Visual Studio Solution File, Format Version 12.00
# Visual Studio 2013
VisualStudioVersion = 12.0.30723.0
MinimumVisualStudioVersion = 10.0.40219.1
Project("{FAE04EC0-301F-11D3-BF4B-00C04F79EFBC}") = "Portals", "Portals\Portals.csproj", "{74C1ACBA-CDA4-44E4-8242-D76E317C1D27}"
EndProject
Project("{FAE04EC0-301F-11D3-BF4B-00C04F79EFBC}") = "GirlsGoneWild", "GirlsGoneWild\GirlsGoneWild.csproj", "{08A94E12-5656-48DA-8399-C5C68E7E970F}"
EndProject
Project("{FAE04EC0-301F-11D3-BF4B-00C04F79EFBC}") = "OnlineMarket", "OnlineMarket\OnlineMarket.csproj", "{4792A650-A034-42DD-BA3A-18848EE50378}"
EndProject
Project("{FAE04EC0-301F-11D3-BF4B-00C04F79EFBC}") = "Sorting", "Sorting\Sorting.csproj", "{BAE353CE-73C7-4261-AFA5-A6ED2D8070F2}"
EndProject
Global
	GlobalSection(SolutionConfigurationPlatforms) = preSolution
		Debug|Any CPU = Debug|Any CPU
		Release|Any CPU = Release|Any CPU
	EndGlobalSection
	GlobalSection(ProjectConfigurationPlatforms) = postSolution
		{74C1ACBA-CDA4-44E4-8242-D76E317C1D27}.Debug|Any CPU.ActiveCfg = Debug|Any CPU
		{74C1ACBA-CDA4-44E4-8242-D76E317C1D27}.Debug|Any CPU.Build.0 = Debug|Any CPU
		{74C1ACBA-CDA4-44E4-8242-D76E317C1D27}.Release|Any CPU.ActiveCfg = Release|Any CPU
		{74C1ACBA-CDA4-44E4-8242-D76E317C1D27}.Release|Any CPU.Build.0 = Release|Any CPU
		{08A94E12-5656-48DA-8399-C5C68E7E970F}.Debug|Any CPU.ActiveCfg = Debug|Any CPU
		{08A94E12-5656-48DA-8399-C5C68E7E970F}.Debug|Any CPU.Build.0 = Debug|Any CPU
		{08A94E12-5656-48DA-8399-C5C68E7E970F}.Release|Any CPU.ActiveCfg = Release|Any CPU
		{08A94E12-5656-48DA-8399-C5C68E7E970F}.Release|Any CPU.Build.0 = Release|Any CPU
		{4792A650-A034-42DD-BA3A-18848EE50378}.Debug|Any CPU.ActiveCfg = Debug|Any CPU
		{4792A650-A034-42DD-BA3A-18848EE50378}.Debug|Any CPU.Build.0 = Debug|Any CPU
		{4792A650-A034-42DD-BA3A-18848EE50378}.Release|Any CPU.ActiveCfg = Release|Any CPU
		{4792A650-A034-42DD-BA3A-18848EE50378}.Release|Any CPU.Build.0 = Release|Any CPU
		{BAE353CE-73C7-4261-AFA5-A6ED2D8070F2}.Debug|Any CPU.ActiveCfg = Debug|Any CPU
		{BAE353CE-73C7-4261-AFA5-A6ED2D8070F2}.Debug|Any CPU.Build.0 = Debug|Any CPU
		{BAE353CE-73C7-4261-AFA5-A6ED2D8070F2}.Release|Any CPU.ActiveCfg = Release|Any CPU
		{BAE353CE-73C7-4261-AFA5-A6ED2D8070F2}.Release|Any CPU.Build.0 = Release|Any CPU
	EndGlobalSection
	GlobalSection(SolutionProperties) = preSolution
		HideSolutionNode = FALSE
	EndGlobalSection
EndGlobal
